// !$*UTF8*$!
{
	archiveVersion = 1;
	classes = {
	};
	objectVersion = 70;
	objects = {

/* Begin PBXBuildFile section */
		03030B8431D7299DA47F4F22 /* TodoSubtaskRow.swift in Sources */ = {isa = PBXBuildFile; fileRef = 6C21B3B125B31641B121F22E /* TodoSubtaskRow.swift */; };
		1655F2C73889FCBB695958B9 /* TodoDetailView.swift in Sources */ = {isa = PBXBuildFile; fileRef = 6B64140C22C9E28B0BC63EBE /* TodoDetailView.swift */; };
		32BB63888F9DEBDD075C2BEB /* TodoStore.swift in Sources */ = {isa = PBXBuildFile; fileRef = CDF5F585D9A6A4F63D8A2A3A /* TodoStore.swift */; };
		4FCBD833CB2DA148F69332ED /* TodoSubtask.swift in Sources */ = {isa = PBXBuildFile; fileRef = 95C708910AF989C606B6222A /* TodoSubtask.swift */; };
		5D76839EEC61FF7012B60F2E /* ColorPickerView.swift in Sources */ = {isa = PBXBuildFile; fileRef = C2531C6901CE315809209807 /* ColorPickerView.swift */; };
		7170CDD6A4960F090FC99FCC /* Services/TodoNotificationService.swift in Sources */ = {isa = PBXBuildFile; fileRef = 5F7ADFDB2671609E24766606 /* Services/TodoNotificationService.swift */; };
		8F17231E9B27A7A509AF8B2E /* TodoPrioritySection.swift in Sources */ = {isa = PBXBuildFile; fileRef = 9E4473A9CBF971B857051263 /* TodoPrioritySection.swift */; };
		A10000001000000000000001 /* FocalApp.swift in Sources */ = {isa = PBXBuildFile; fileRef = A20000001000000000000001 /* FocalApp.swift */; };
		A10000001000000000000002 /* ContentView.swift in Sources */ = {isa = PBXBuildFile; fileRef = A20000001000000000000002 /* ContentView.swift */; };
		A10000001000000000000003 /* DesignSystem.swift in Sources */ = {isa = PBXBuildFile; fileRef = A20000001000000000000003 /* DesignSystem.swift */; };
		A10000001000000000000004 /* TaskColor.swift in Sources */ = {isa = PBXBuildFile; fileRef = A20000001000000000000004 /* TaskColor.swift */; };
		A10000001000000000000005 /* Subtask.swift in Sources */ = {isa = PBXBuildFile; fileRef = A20000001000000000000005 /* Subtask.swift */; };
		A10000001000000000000006 /* TaskItem.swift in Sources */ = {isa = PBXBuildFile; fileRef = A20000001000000000000006 /* TaskItem.swift */; };
		A10000001000000000000007 /* EnergyLevel.swift in Sources */ = {isa = PBXBuildFile; fileRef = A20000001000000000000007 /* EnergyLevel.swift */; };
		A10000001000000000000008 /* IconMapper.swift in Sources */ = {isa = PBXBuildFile; fileRef = A20000001000000000000008 /* IconMapper.swift */; };
		A10000001000000000000009 /* HapticManager.swift in Sources */ = {isa = PBXBuildFile; fileRef = A20000001000000000000009 /* HapticManager.swift */; };
		A10000001000000000000010 /* DateExtensions.swift in Sources */ = {isa = PBXBuildFile; fileRef = A20000001000000000000010 /* DateExtensions.swift */; };
		A10000001000000000000011 /* TaskStore.swift in Sources */ = {isa = PBXBuildFile; fileRef = A20000001000000000000011 /* TaskStore.swift */; };
		A10000001000000000000012 /* Tab.swift in Sources */ = {isa = PBXBuildFile; fileRef = A20000001000000000000012 /* Tab.swift */; };
		A10000001000000000000013 /* BottomTabBar.swift in Sources */ = {isa = PBXBuildFile; fileRef = A20000001000000000000013 /* BottomTabBar.swift */; };
		A10000001000000000000014 /* WeekSelector.swift in Sources */ = {isa = PBXBuildFile; fileRef = A20000001000000000000014 /* WeekSelector.swift */; };
		A10000001000000000000015 /* StatsBar.swift in Sources */ = {isa = PBXBuildFile; fileRef = A20000001000000000000015 /* StatsBar.swift */; };
		A10000001000000000000016 /* ProgressBar.swift in Sources */ = {isa = PBXBuildFile; fileRef = A20000001000000000000016 /* ProgressBar.swift */; };
		A10000001000000000000017 /* TaskPinView.swift in Sources */ = {isa = PBXBuildFile; fileRef = A20000001000000000000017 /* TaskPinView.swift */; };
		A10000001000000000000018 /* TaskCardView.swift in Sources */ = {isa = PBXBuildFile; fileRef = A20000001000000000000018 /* TaskCardView.swift */; };
		A10000001000000000000019 /* CurrentTimeIndicator.swift in Sources */ = {isa = PBXBuildFile; fileRef = A20000001000000000000019 /* CurrentTimeIndicator.swift */; };
		A10000001000000000000020 /* WeeklyTimelineView.swift in Sources */ = {isa = PBXBuildFile; fileRef = A20000001000000000000020 /* WeeklyTimelineView.swift */; };
		A10000001000000000000021 /* DailyTimelineView.swift in Sources */ = {isa = PBXBuildFile; fileRef = A20000001000000000000021 /* DailyTimelineView.swift */; };
		A10000001000000000000022 /* PlannerView.swift in Sources */ = {isa = PBXBuildFile; fileRef = A20000001000000000000022 /* PlannerView.swift */; };
		A10000001000000000000023 /* AddTaskSheet.swift in Sources */ = {isa = PBXBuildFile; fileRef = A20000001000000000000023 /* AddTaskSheet.swift */; };
		A10000001000000000000024 /* TaskDetailView.swift in Sources */ = {isa = PBXBuildFile; fileRef = A20000001000000000000024 /* TaskDetailView.swift */; };
		A10000001000000000000025 /* DatePickerSheet.swift in Sources */ = {isa = PBXBuildFile; fileRef = A20000001000000000000025 /* DatePickerSheet.swift */; };
		A10000001000000000000026 /* TimePickerSheet.swift in Sources */ = {isa = PBXBuildFile; fileRef = A20000001000000000000026 /* TimePickerSheet.swift */; };
		A10000001000000000000027 /* EnergyPickerSheet.swift in Sources */ = {isa = PBXBuildFile; fileRef = A20000001000000000000027 /* EnergyPickerSheet.swift */; };
		A10000001000000000000028 /* Assets.xcassets in Resources */ = {isa = PBXBuildFile; fileRef = A20000001000000000000028 /* Assets.xcassets */; };
		A10000001000000000000029 /* EmptyIntervalView.swift in Sources */ = {isa = PBXBuildFile; fileRef = A20000001000000000000029 /* EmptyIntervalView.swift */; };
		A10000001000000000000030 /* IconPickerView.swift in Sources */ = {isa = PBXBuildFile; fileRef = A20000001000000000000030 /* IconPickerView.swift */; };
		A10000001000000000000031 /* TaskDragState.swift in Sources */ = {isa = PBXBuildFile; fileRef = A20000001000000000000031 /* TaskDragState.swift */; };
		A10000001000000000000032 /* PlannerTaskCreationSheet.swift in Sources */ = {isa = PBXBuildFile; fileRef = A20000001000000000000032 /* PlannerTaskCreationSheet.swift */; };
		A10000001000000000000033 /* FloatingTaskInputCard.swift in Sources */ = {isa = PBXBuildFile; fileRef = A20000001000000000000033 /* FloatingTaskInputCard.swift */; };
		A10B813E21666375B367175F3 /* SubtaskRow.swift in Sources */ = {isa = PBXBuildFile; fileRef = A282333FC8F8804A9C1BB400A /* SubtaskRow.swift */; };
		A10BB315BB394583A9F66BC45 /* ScaledFont.swift in Sources */ = {isa = PBXBuildFile; fileRef = A2B5219DBAD054D1545A12A03 /* ScaledFont.swift */; };
		A18439BC0ACADDAA14905961A /* FABButton.swift in Sources */ = {isa = PBXBuildFile; fileRef = A26DBE8B1DE2506AE8AD00664 /* FABButton.swift */; };
		A19189BDABAEBD93AC997668 /* TodoCard.swift in Sources */ = {isa = PBXBuildFile; fileRef = 594D1A4023CD27521A246ADE /* TodoCard.swift */; };
		B60FF51FD103B36DBC575E77 /* TodoPriority.swift in Sources */ = {isa = PBXBuildFile; fileRef = E14BBD715903C5565B74A49D /* TodoPriority.swift */; };
		BF7A0F3000AFA57DC12F7005 /* TodoE2ETests.swift in Sources */ = {isa = PBXBuildFile; fileRef = 14C21FF334FA26EBC35FA426 /* TodoE2ETests.swift */; };
		C17E56E8BCCCAE6516B0DFC4 /* TodoQuickAddBar.swift in Sources */ = {isa = PBXBuildFile; fileRef = 146B21794815476C9E265BFB /* TodoQuickAddBar.swift */; };
		C4AEE34C3593BBA1327E4925 /* TodoView.swift in Sources */ = {isa = PBXBuildFile; fileRef = DB89FFC207F3D80D51FB4919 /* TodoView.swift */; };
		F9E8D7C6B5A432109876 /* WhenPickerSheet.swift in Sources */ = {isa = PBXBuildFile; fileRef = A1B2C3D4E5F678901234 /* WhenPickerSheet.swift */; };
		FAE04556D68AB0186327675B /* TodoItem.swift in Sources */ = {isa = PBXBuildFile; fileRef = D094A98D3D70EB376B8DBFF0 /* TodoItem.swift */; };
/* End PBXBuildFile section */

/* Begin PBXContainerItemProxy section */
		82B249EE2F144B6500EE5FD8 /* PBXContainerItemProxy */ = {
			isa = PBXContainerItemProxy;
			containerPortal = A80000001000000000000001 /* Project object */;
			proxyType = 1;
			remoteGlobalIDString = A50000001000000000000001;
			remoteInfo = Focal;
		};
/* End PBXContainerItemProxy section */

/* Begin PBXFileReference section */
		146B21794815476C9E265BFB /* TodoQuickAddBar.swift */ = {isa = PBXFileReference; includeInIndex = 1; lastKnownFileType = sourcecode.swift; path = TodoQuickAddBar.swift; sourceTree = "<group>"; };
		14C21FF334FA26EBC35FA426 /* TodoE2ETests.swift */ = {isa = PBXFileReference; includeInIndex = 1; lastKnownFileType = sourcecode.swift; name = TodoE2ETests.swift; path = Focal/FocalUITests/TodoE2ETests.swift; sourceTree = "<group>"; };
		594D1A4023CD27521A246ADE /* TodoCard.swift */ = {isa = PBXFileReference; includeInIndex = 1; lastKnownFileType = sourcecode.swift; path = TodoCard.swift; sourceTree = "<group>"; };
		5F7ADFDB2671609E24766606 /* Services/TodoNotificationService.swift */ = {isa = PBXFileReference; includeInIndex = 1; lastKnownFileType = sourcecode.swift; path = Services/TodoNotificationService.swift; sourceTree = "<group>"; };
		6B64140C22C9E28B0BC63EBE /* TodoDetailView.swift */ = {isa = PBXFileReference; includeInIndex = 1; lastKnownFileType = sourcecode.swift; path = TodoDetailView.swift; sourceTree = "<group>"; };
		6C21B3B125B31641B121F22E /* TodoSubtaskRow.swift */ = {isa = PBXFileReference; includeInIndex = 1; lastKnownFileType = sourcecode.swift; path = TodoSubtaskRow.swift; sourceTree = "<group>"; };
		8295D9B92F154E3500E08D8B /* EmptyIntervalView.swift */ = {isa = PBXFileReference; lastKnownFileType = sourcecode.swift; path = EmptyIntervalView.swift; sourceTree = "<group>"; };
		8295D9BA2F154E3500E08D8B /* FloatingTaskInputCard.swift */ = {isa = PBXFileReference; lastKnownFileType = sourcecode.swift; path = FloatingTaskInputCard.swift; sourceTree = "<group>"; };
		8295D9BB2F154E3500E08D8B /* ProgressBar.swift */ = {isa = PBXFileReference; lastKnownFileType = sourcecode.swift; path = ProgressBar.swift; sourceTree = "<group>"; };
		8295D9BC2F154E3500E08D8B /* StatsBar.swift */ = {isa = PBXFileReference; lastKnownFileType = sourcecode.swift; path = StatsBar.swift; sourceTree = "<group>"; };
		8295D9BD2F154E3500E08D8B /* SubtaskRow.swift */ = {isa = PBXFileReference; lastKnownFileType = sourcecode.swift; path = SubtaskRow.swift; sourceTree = "<group>"; };
		8295D9BE2F154E3500E08D8B /* TodoCard.swift */ = {isa = PBXFileReference; lastKnownFileType = sourcecode.swift; path = TodoCard.swift; sourceTree = "<group>"; };
		8295D9BF2F154E3500E08D8B /* TodoPrioritySection.swift */ = {isa = PBXFileReference; lastKnownFileType = sourcecode.swift; path = TodoPrioritySection.swift; sourceTree = "<group>"; };
		8295D9C02F154E3500E08D8B /* TodoQuickAddBar.swift */ = {isa = PBXFileReference; lastKnownFileType = sourcecode.swift; path = TodoQuickAddBar.swift; sourceTree = "<group>"; };
		8295D9C12F154E3500E08D8B /* TodoSubtaskRow.swift */ = {isa = PBXFileReference; lastKnownFileType = sourcecode.swift; path = TodoSubtaskRow.swift; sourceTree = "<group>"; };
		8295D9C22F154E3500E08D8B /* WeekSelector.swift */ = {isa = PBXFileReference; lastKnownFileType = sourcecode.swift; path = WeekSelector.swift; sourceTree = "<group>"; };
		82B249E82F144B6500EE5FD8 /* FocalUITests.xctest */ = {isa = PBXFileReference; explicitFileType = wrapper.cfbundle; includeInIndex = 0; path = FocalUITests.xctest; sourceTree = BUILT_PRODUCTS_DIR; };
		95C708910AF989C606B6222A /* TodoSubtask.swift */ = {isa = PBXFileReference; includeInIndex = 1; lastKnownFileType = sourcecode.swift; path = TodoSubtask.swift; sourceTree = "<group>"; };
		9E4473A9CBF971B857051263 /* TodoPrioritySection.swift */ = {isa = PBXFileReference; includeInIndex = 1; lastKnownFileType = sourcecode.swift; path = TodoPrioritySection.swift; sourceTree = "<group>"; };
		A1B2C3D4E5F678901234 /* WhenPickerSheet.swift */ = {isa = PBXFileReference; lastKnownFileType = sourcecode.swift; path = WhenPickerSheet.swift; sourceTree = "<group>"; };
		A20000001000000000000000 /* Focal.app */ = {isa = PBXFileReference; explicitFileType = wrapper.application; includeInIndex = 0; path = Focal.app; sourceTree = BUILT_PRODUCTS_DIR; };
		A20000001000000000000001 /* FocalApp.swift */ = {isa = PBXFileReference; lastKnownFileType = sourcecode.swift; path = FocalApp.swift; sourceTree = "<group>"; };
		A20000001000000000000002 /* ContentView.swift */ = {isa = PBXFileReference; lastKnownFileType = sourcecode.swift; path = ContentView.swift; sourceTree = "<group>"; };
		A20000001000000000000003 /* DesignSystem.swift */ = {isa = PBXFileReference; lastKnownFileType = sourcecode.swift; path = DesignSystem.swift; sourceTree = "<group>"; };
		A20000001000000000000004 /* TaskColor.swift */ = {isa = PBXFileReference; lastKnownFileType = sourcecode.swift; path = TaskColor.swift; sourceTree = "<group>"; };
		A20000001000000000000005 /* Subtask.swift */ = {isa = PBXFileReference; lastKnownFileType = sourcecode.swift; path = Subtask.swift; sourceTree = "<group>"; };
		A20000001000000000000006 /* TaskItem.swift */ = {isa = PBXFileReference; lastKnownFileType = sourcecode.swift; path = TaskItem.swift; sourceTree = "<group>"; };
		A20000001000000000000007 /* EnergyLevel.swift */ = {isa = PBXFileReference; lastKnownFileType = sourcecode.swift; path = EnergyLevel.swift; sourceTree = "<group>"; };
		A20000001000000000000008 /* IconMapper.swift */ = {isa = PBXFileReference; lastKnownFileType = sourcecode.swift; path = IconMapper.swift; sourceTree = "<group>"; };
		A20000001000000000000009 /* HapticManager.swift */ = {isa = PBXFileReference; lastKnownFileType = sourcecode.swift; path = HapticManager.swift; sourceTree = "<group>"; };
		A20000001000000000000010 /* DateExtensions.swift */ = {isa = PBXFileReference; lastKnownFileType = sourcecode.swift; path = DateExtensions.swift; sourceTree = "<group>"; };
		A20000001000000000000011 /* TaskStore.swift */ = {isa = PBXFileReference; lastKnownFileType = sourcecode.swift; path = TaskStore.swift; sourceTree = "<group>"; };
		A20000001000000000000012 /* Tab.swift */ = {isa = PBXFileReference; lastKnownFileType = sourcecode.swift; path = Tab.swift; sourceTree = "<group>"; };
		A20000001000000000000013 /* BottomTabBar.swift */ = {isa = PBXFileReference; lastKnownFileType = sourcecode.swift; path = BottomTabBar.swift; sourceTree = "<group>"; };
		A20000001000000000000014 /* WeekSelector.swift */ = {isa = PBXFileReference; lastKnownFileType = sourcecode.swift; path = WeekSelector.swift; sourceTree = "<group>"; };
		A20000001000000000000015 /* StatsBar.swift */ = {isa = PBXFileReference; lastKnownFileType = sourcecode.swift; path = StatsBar.swift; sourceTree = "<group>"; };
		A20000001000000000000016 /* ProgressBar.swift */ = {isa = PBXFileReference; lastKnownFileType = sourcecode.swift; path = ProgressBar.swift; sourceTree = "<group>"; };
		A20000001000000000000017 /* TaskPinView.swift */ = {isa = PBXFileReference; lastKnownFileType = sourcecode.swift; path = TaskPinView.swift; sourceTree = "<group>"; };
		A20000001000000000000018 /* TaskCardView.swift */ = {isa = PBXFileReference; lastKnownFileType = sourcecode.swift; path = TaskCardView.swift; sourceTree = "<group>"; };
		A20000001000000000000019 /* CurrentTimeIndicator.swift */ = {isa = PBXFileReference; lastKnownFileType = sourcecode.swift; path = CurrentTimeIndicator.swift; sourceTree = "<group>"; };
		A20000001000000000000020 /* WeeklyTimelineView.swift */ = {isa = PBXFileReference; lastKnownFileType = sourcecode.swift; path = WeeklyTimelineView.swift; sourceTree = "<group>"; };
		A20000001000000000000021 /* DailyTimelineView.swift */ = {isa = PBXFileReference; lastKnownFileType = sourcecode.swift; path = DailyTimelineView.swift; sourceTree = "<group>"; };
		A20000001000000000000022 /* PlannerView.swift */ = {isa = PBXFileReference; lastKnownFileType = sourcecode.swift; path = PlannerView.swift; sourceTree = "<group>"; };
		A20000001000000000000023 /* AddTaskSheet.swift */ = {isa = PBXFileReference; lastKnownFileType = sourcecode.swift; path = AddTaskSheet.swift; sourceTree = "<group>"; };
		A20000001000000000000024 /* TaskDetailView.swift */ = {isa = PBXFileReference; lastKnownFileType = sourcecode.swift; path = TaskDetailView.swift; sourceTree = "<group>"; };
		A20000001000000000000025 /* DatePickerSheet.swift */ = {isa = PBXFileReference; lastKnownFileType = sourcecode.swift; path = DatePickerSheet.swift; sourceTree = "<group>"; };
		A20000001000000000000026 /* TimePickerSheet.swift */ = {isa = PBXFileReference; lastKnownFileType = sourcecode.swift; path = TimePickerSheet.swift; sourceTree = "<group>"; };
		A20000001000000000000027 /* EnergyPickerSheet.swift */ = {isa = PBXFileReference; lastKnownFileType = sourcecode.swift; path = EnergyPickerSheet.swift; sourceTree = "<group>"; };
		A20000001000000000000028 /* Assets.xcassets */ = {isa = PBXFileReference; lastKnownFileType = folder.assetcatalog; path = Assets.xcassets; sourceTree = "<group>"; };
		A20000001000000000000029 /* EmptyIntervalView.swift */ = {isa = PBXFileReference; lastKnownFileType = sourcecode.swift; path = EmptyIntervalView.swift; sourceTree = "<group>"; };
		A20000001000000000000030 /* IconPickerView.swift */ = {isa = PBXFileReference; lastKnownFileType = sourcecode.swift; path = IconPickerView.swift; sourceTree = "<group>"; };
		A20000001000000000000031 /* TaskDragState.swift */ = {isa = PBXFileReference; lastKnownFileType = sourcecode.swift; path = TaskDragState.swift; sourceTree = "<group>"; };
		A20000001000000000000032 /* PlannerTaskCreationSheet.swift */ = {isa = PBXFileReference; lastKnownFileType = sourcecode.swift; path = PlannerTaskCreationSheet.swift; sourceTree = "<group>"; };
		A20000001000000000000033 /* FloatingTaskInputCard.swift */ = {isa = PBXFileReference; lastKnownFileType = sourcecode.swift; path = FloatingTaskInputCard.swift; sourceTree = "<group>"; };
		A26DBE8B1DE2506AE8AD00664 /* FABButton.swift */ = {isa = PBXFileReference; lastKnownFileType = sourcecode.swift; path = FABButton.swift; sourceTree = "<group>"; };
		A282333FC8F8804A9C1BB400A /* SubtaskRow.swift */ = {isa = PBXFileReference; lastKnownFileType = sourcecode.swift; path = SubtaskRow.swift; sourceTree = "<group>"; };
		A2B5219DBAD054D1545A12A03 /* ScaledFont.swift */ = {isa = PBXFileReference; lastKnownFileType = sourcecode.swift; path = ScaledFont.swift; sourceTree = "<group>"; };
		C2531C6901CE315809209807 /* ColorPickerView.swift */ = {isa = PBXFileReference; includeInIndex = 1; lastKnownFileType = sourcecode.swift; path = ColorPickerView.swift; sourceTree = "<group>"; };
		CDF5F585D9A6A4F63D8A2A3A /* TodoStore.swift */ = {isa = PBXFileReference; includeInIndex = 1; lastKnownFileType = sourcecode.swift; path = TodoStore.swift; sourceTree = "<group>"; };
		D094A98D3D70EB376B8DBFF0 /* TodoItem.swift */ = {isa = PBXFileReference; includeInIndex = 1; lastKnownFileType = sourcecode.swift; path = TodoItem.swift; sourceTree = "<group>"; };
		DB89FFC207F3D80D51FB4919 /* TodoView.swift */ = {isa = PBXFileReference; includeInIndex = 1; lastKnownFileType = sourcecode.swift; path = TodoView.swift; sourceTree = "<group>"; };
		E14BBD715903C5565B74A49D /* TodoPriority.swift */ = {isa = PBXFileReference; includeInIndex = 1; lastKnownFileType = sourcecode.swift; path = TodoPriority.swift; sourceTree = "<group>"; };
/* End PBXFileReference section */

/* Begin PBXFileSystemSynchronizedRootGroup section */
		82B249E92F144B6500EE5FD8 /* FocalUITests */ = {isa = PBXFileSystemSynchronizedRootGroup; explicitFileTypes = {}; explicitFolders = (); path = FocalUITests; sourceTree = "<group>"; };
/* End PBXFileSystemSynchronizedRootGroup section */

/* Begin PBXFrameworksBuildPhase section */
		82B249E52F144B6500EE5FD8 /* Frameworks */ = {
			isa = PBXFrameworksBuildPhase;
			buildActionMask = 2147483647;
			files = (
			);
			runOnlyForDeploymentPostprocessing = 0;
		};
		A30000001000000000000001 /* Frameworks */ = {
			isa = PBXFrameworksBuildPhase;
			buildActionMask = 2147483647;
			files = (
			);
			runOnlyForDeploymentPostprocessing = 0;
		};
/* End PBXFrameworksBuildPhase section */

/* Begin PBXGroup section */
		5BC140AC96B02AD45FED7C00 /* Todo */ = {
			isa = PBXGroup;
			children = (
				DB89FFC207F3D80D51FB4919 /* TodoView.swift */,
				6B64140C22C9E28B0BC63EBE /* TodoDetailView.swift */,
			);
			path = Todo;
			sourceTree = "<group>";
		};
		8295D9C32F154E3500E08D8B /* Components */ = {
			isa = PBXGroup;
			children = (
				8295D9B92F154E3500E08D8B /* EmptyIntervalView.swift */,
				8295D9BA2F154E3500E08D8B /* FloatingTaskInputCard.swift */,
				8295D9BB2F154E3500E08D8B /* ProgressBar.swift */,
				8295D9BC2F154E3500E08D8B /* StatsBar.swift */,
				8295D9BD2F154E3500E08D8B /* SubtaskRow.swift */,
				8295D9BE2F154E3500E08D8B /* TodoCard.swift */,
				8295D9BF2F154E3500E08D8B /* TodoPrioritySection.swift */,
				8295D9C02F154E3500E08D8B /* TodoQuickAddBar.swift */,
				8295D9C12F154E3500E08D8B /* TodoSubtaskRow.swift */,
				8295D9C22F154E3500E08D8B /* WeekSelector.swift */,
			);
			path = Components;
			sourceTree = "<group>";
		};
		A40000001000000000000001 = {
			isa = PBXGroup;
			children = (
				A40000001000000000000002 /* Focal */,
				82B249E92F144B6500EE5FD8 /* FocalUITests */,
				A40000001000000000000003 /* Products */,
				14C21FF334FA26EBC35FA426 /* TodoE2ETests.swift */,
				8295D9C32F154E3500E08D8B /* Components */,
			);
			sourceTree = "<group>";
		};
		A40000001000000000000002 /* Focal */ = {
			isa = PBXGroup;
			children = (
				A40000001000000000000004 /* App */,
				A40000001000000000000005 /* Models */,
				A40000001000000000000006 /* ViewModels */,
				A40000001000000000000007 /* Views */,
				A40000001000000000000008 /* Utilities */,
				A40000001000000000000009 /* Resources */,
				D058117F62EA886DECE63F83 /* Services */,
			);
			path = Focal;
			sourceTree = "<group>";
		};
		A40000001000000000000003 /* Products */ = {
			isa = PBXGroup;
			children = (
				A20000001000000000000000 /* Focal.app */,
				82B249E82F144B6500EE5FD8 /* FocalUITests.xctest */,
			);
			name = Products;
			sourceTree = "<group>";
		};
		A40000001000000000000004 /* App */ = {
			isa = PBXGroup;
			children = (
				A20000001000000000000001 /* FocalApp.swift */,
				A20000001000000000000002 /* ContentView.swift */,
			);
			path = App;
			sourceTree = "<group>";
		};
		A40000001000000000000005 /* Models */ = {
			isa = PBXGroup;
			children = (
				A20000001000000000000004 /* TaskColor.swift */,
				A20000001000000000000005 /* Subtask.swift */,
				A20000001000000000000006 /* TaskItem.swift */,
				A20000001000000000000007 /* EnergyLevel.swift */,
				D094A98D3D70EB376B8DBFF0 /* TodoItem.swift */,
				E14BBD715903C5565B74A49D /* TodoPriority.swift */,
				95C708910AF989C606B6222A /* TodoSubtask.swift */,
			);
			path = Models;
			sourceTree = "<group>";
		};
		A40000001000000000000006 /* ViewModels */ = {
			isa = PBXGroup;
			children = (
				A20000001000000000000011 /* TaskStore.swift */,
				A20000001000000000000031 /* TaskDragState.swift */,
				A20000001000000000000012 /* Tab.swift */,
				CDF5F585D9A6A4F63D8A2A3A /* TodoStore.swift */,
			);
			path = ViewModels;
			sourceTree = "<group>";
		};
		A40000001000000000000007 /* Views */ = {
			isa = PBXGroup;
			children = (
				A40000001000000000000010 /* Timeline */,
				A40000001000000000000011 /* Task */,
				A40000001000000000000012 /* Pickers */,
				A40000001000000000000013 /* Components */,
				A40000001000000000000014 /* Navigation */,
				5BC140AC96B02AD45FED7C00 /* Todo */,
			);
			path = Views;
			sourceTree = "<group>";
		};
		A40000001000000000000008 /* Utilities */ = {
			isa = PBXGroup;
			children = (
				A20000001000000000000003 /* DesignSystem.swift */,
				A20000001000000000000008 /* IconMapper.swift */,
				A20000001000000000000009 /* HapticManager.swift */,
				A20000001000000000000010 /* DateExtensions.swift */,
				A2B5219DBAD054D1545A12A03 /* ScaledFont.swift */,
			);
			path = Utilities;
			sourceTree = "<group>";
		};
		A40000001000000000000009 /* Resources */ = {
			isa = PBXGroup;
			children = (
				A20000001000000000000028 /* Assets.xcassets */,
			);
			path = Resources;
			sourceTree = "<group>";
		};
		A40000001000000000000010 /* Timeline */ = {
			isa = PBXGroup;
			children = (
				A20000001000000000000019 /* CurrentTimeIndicator.swift */,
				A20000001000000000000020 /* WeeklyTimelineView.swift */,
				A20000001000000000000021 /* DailyTimelineView.swift */,
				A20000001000000000000022 /* PlannerView.swift */,
			);
			path = Timeline;
			sourceTree = "<group>";
		};
		A40000001000000000000011 /* Task */ = {
			isa = PBXGroup;
			children = (
				A20000001000000000000017 /* TaskPinView.swift */,
				A20000001000000000000018 /* TaskCardView.swift */,
				A20000001000000000000023 /* AddTaskSheet.swift */,
				A20000001000000000000032 /* PlannerTaskCreationSheet.swift */,
				A20000001000000000000024 /* TaskDetailView.swift */,
			);
			path = Task;
			sourceTree = "<group>";
		};
		A40000001000000000000012 /* Pickers */ = {
			isa = PBXGroup;
			children = (
				A20000001000000000000025 /* DatePickerSheet.swift */,
				A1B2C3D4E5F678901234 /* WhenPickerSheet.swift */,
				A20000001000000000000026 /* TimePickerSheet.swift */,
				A20000001000000000000027 /* EnergyPickerSheet.swift */,
				A20000001000000000000030 /* IconPickerView.swift */,
				C2531C6901CE315809209807 /* ColorPickerView.swift */,
			);
			path = Pickers;
			sourceTree = "<group>";
		};
		A40000001000000000000013 /* Components */ = {
			isa = PBXGroup;
			children = (
				A20000001000000000000014 /* WeekSelector.swift */,
				A282333FC8F8804A9C1BB400A /* SubtaskRow.swift */,
				A20000001000000000000015 /* StatsBar.swift */,
				A20000001000000000000016 /* ProgressBar.swift */,
				A20000001000000000000029 /* EmptyIntervalView.swift */,
				9E4473A9CBF971B857051263 /* TodoPrioritySection.swift */,
				146B21794815476C9E265BFB /* TodoQuickAddBar.swift */,
				A20000001000000000000033 /* FloatingTaskInputCard.swift */,
				594D1A4023CD27521A246ADE /* TodoCard.swift */,
				6C21B3B125B31641B121F22E /* TodoSubtaskRow.swift */,
			);
			path = Components;
			sourceTree = "<group>";
		};
		A40000001000000000000014 /* Navigation */ = {
			isa = PBXGroup;
			children = (
				A20000001000000000000013 /* BottomTabBar.swift */,
				A26DBE8B1DE2506AE8AD00664 /* FABButton.swift */,
			);
			path = Navigation;
			sourceTree = "<group>";
		};
		D058117F62EA886DECE63F83 /* Services */ = {
			isa = PBXGroup;
			children = (
				5F7ADFDB2671609E24766606 /* Services/TodoNotificationService.swift */,
			);
			name = Services;
			sourceTree = "<group>";
		};
/* End PBXGroup section */

/* Begin PBXNativeTarget section */
		82B249E72F144B6500EE5FD8 /* FocalUITests */ = {
			isa = PBXNativeTarget;
			buildConfigurationList = 82B249F22F144B6500EE5FD8 /* Build configuration list for PBXNativeTarget "FocalUITests" */;
			buildPhases = (
				82B249E42F144B6500EE5FD8 /* Sources */,
				82B249E52F144B6500EE5FD8 /* Frameworks */,
				82B249E62F144B6500EE5FD8 /* Resources */,
			);
			buildRules = (
			);
			dependencies = (
				82B249EF2F144B6500EE5FD8 /* PBXTargetDependency */,
			);
			fileSystemSynchronizedGroups = (
				82B249E92F144B6500EE5FD8 /* FocalUITests */,
			);
			name = FocalUITests;
			productName = FocalUITests;
			productReference = 82B249E82F144B6500EE5FD8 /* FocalUITests.xctest */;
			productType = "com.apple.product-type.bundle.ui-testing";
		};
		A50000001000000000000001 /* Focal */ = {
			isa = PBXNativeTarget;
			buildConfigurationList = A70000001000000000000001 /* Build configuration list for PBXNativeTarget "Focal" */;
			buildPhases = (
				A60000001000000000000001 /* Sources */,
				A30000001000000000000001 /* Frameworks */,
				A60000001000000000000002 /* Resources */,
			);
			buildRules = (
			);
			dependencies = (
			);
			name = Focal;
			productName = Focal;
			productReference = A20000001000000000000000 /* Focal.app */;
			productType = "com.apple.product-type.application";
		};
/* End PBXNativeTarget section */

/* Begin PBXProject section */
		A80000001000000000000001 /* Project object */ = {
			isa = PBXProject;
			attributes = {
				BuildIndependentTargetsInParallel = 1;
				LastSwiftUpdateCheck = 2620;
				LastUpgradeCheck = 1500;
				TargetAttributes = {
					82B249E72F144B6500EE5FD8 = {
						CreatedOnToolsVersion = 26.2;
						TestTargetID = A50000001000000000000001;
					};
					A50000001000000000000001 = {
						CreatedOnToolsVersion = 15.0;
					};
				};
			};
			buildConfigurationList = A70000001000000000000002 /* Build configuration list for PBXProject "Focal" */;
			compatibilityVersion = "Xcode 14.0";
			developmentRegion = en;
			hasScannedForEncodings = 0;
			knownRegions = (
				en,
				Base,
			);
			mainGroup = A40000001000000000000001;
			productRefGroup = A40000001000000000000003 /* Products */;
			projectDirPath = "";
			projectRoot = "";
			targets = (
				A50000001000000000000001 /* Focal */,
				82B249E72F144B6500EE5FD8 /* FocalUITests */,
			);
		};
/* End PBXProject section */

/* Begin PBXResourcesBuildPhase section */
		82B249E62F144B6500EE5FD8 /* Resources */ = {
			isa = PBXResourcesBuildPhase;
			buildActionMask = 2147483647;
			files = (
			);
			runOnlyForDeploymentPostprocessing = 0;
		};
		A60000001000000000000002 /* Resources */ = {
			isa = PBXResourcesBuildPhase;
			buildActionMask = 2147483647;
			files = (
				A10000001000000000000028 /* Assets.xcassets in Resources */,
			);
			runOnlyForDeploymentPostprocessing = 0;
		};
/* End PBXResourcesBuildPhase section */

/* Begin PBXSourcesBuildPhase section */
		82B249E42F144B6500EE5FD8 /* Sources */ = {
			isa = PBXSourcesBuildPhase;
			buildActionMask = 2147483647;
			files = (
				BF7A0F3000AFA57DC12F7005 /* TodoE2ETests.swift in Sources */,
			);
			runOnlyForDeploymentPostprocessing = 0;
		};
		A60000001000000000000001 /* Sources */ = {
			isa = PBXSourcesBuildPhase;
			buildActionMask = 2147483647;
			files = (
				A10000001000000000000001 /* FocalApp.swift in Sources */,
				A10000001000000000000002 /* ContentView.swift in Sources */,
				A10000001000000000000003 /* DesignSystem.swift in Sources */,
				A10000001000000000000004 /* TaskColor.swift in Sources */,
				A10000001000000000000005 /* Subtask.swift in Sources */,
				A10000001000000000000006 /* TaskItem.swift in Sources */,
				A10000001000000000000007 /* EnergyLevel.swift in Sources */,
				A10000001000000000000008 /* IconMapper.swift in Sources */,
				A10000001000000000000009 /* HapticManager.swift in Sources */,
				A10000001000000000000010 /* DateExtensions.swift in Sources */,
				A10BB315BB394583A9F66BC45 /* ScaledFont.swift in Sources */,
				A10000001000000000000011 /* TaskStore.swift in Sources */,
				A10000001000000000000031 /* TaskDragState.swift in Sources */,
				A10000001000000000000012 /* Tab.swift in Sources */,
				A10000001000000000000013 /* BottomTabBar.swift in Sources */,
				A18439BC0ACADDAA14905961A /* FABButton.swift in Sources */,
				A10000001000000000000014 /* WeekSelector.swift in Sources */,
				A10B813E21666375B367175F3 /* SubtaskRow.swift in Sources */,
				A10000001000000000000015 /* StatsBar.swift in Sources */,
				A10000001000000000000016 /* ProgressBar.swift in Sources */,
				A10000001000000000000029 /* EmptyIntervalView.swift in Sources */,
				A10000001000000000000017 /* TaskPinView.swift in Sources */,
				A10000001000000000000018 /* TaskCardView.swift in Sources */,
				A10000001000000000000019 /* CurrentTimeIndicator.swift in Sources */,
				A10000001000000000000020 /* WeeklyTimelineView.swift in Sources */,
				A10000001000000000000021 /* DailyTimelineView.swift in Sources */,
				A10000001000000000000022 /* PlannerView.swift in Sources */,
				A10000001000000000000023 /* AddTaskSheet.swift in Sources */,
				A10000001000000000000032 /* PlannerTaskCreationSheet.swift in Sources */,
				A10000001000000000000024 /* TaskDetailView.swift in Sources */,
				A10000001000000000000025 /* DatePickerSheet.swift in Sources */,
				F9E8D7C6B5A432109876 /* WhenPickerSheet.swift in Sources */,
				A10000001000000000000026 /* TimePickerSheet.swift in Sources */,
				A10000001000000000000027 /* EnergyPickerSheet.swift in Sources */,
				A10000001000000000000030 /* IconPickerView.swift in Sources */,
				A10000001000000000000033 /* FloatingTaskInputCard.swift in Sources */,
				C4AEE34C3593BBA1327E4925 /* TodoView.swift in Sources */,
				32BB63888F9DEBDD075C2BEB /* TodoStore.swift in Sources */,
				FAE04556D68AB0186327675B /* TodoItem.swift in Sources */,
				B60FF51FD103B36DBC575E77 /* TodoPriority.swift in Sources */,
				4FCBD833CB2DA148F69332ED /* TodoSubtask.swift in Sources */,
				8F17231E9B27A7A509AF8B2E /* TodoPrioritySection.swift in Sources */,
				C17E56E8BCCCAE6516B0DFC4 /* TodoQuickAddBar.swift in Sources */,
				A19189BDABAEBD93AC997668 /* TodoCard.swift in Sources */,
				03030B8431D7299DA47F4F22 /* TodoSubtaskRow.swift in Sources */,
				1655F2C73889FCBB695958B9 /* TodoDetailView.swift in Sources */,
				7170CDD6A4960F090FC99FCC /* Services/TodoNotificationService.swift in Sources */,
				5D76839EEC61FF7012B60F2E /* ColorPickerView.swift in Sources */,
			);
			runOnlyForDeploymentPostprocessing = 0;
		};
/* End PBXSourcesBuildPhase section */

/* Begin PBXTargetDependency section */
		82B249EF2F144B6500EE5FD8 /* PBXTargetDependency */ = {
			isa = PBXTargetDependency;
			target = A50000001000000000000001 /* Focal */;
			targetProxy = 82B249EE2F144B6500EE5FD8 /* PBXContainerItemProxy */;
		};
/* End PBXTargetDependency section */

/* Begin XCBuildConfiguration section */
		82B249F02F144B6500EE5FD8 /* Debug */ = {
			isa = XCBuildConfiguration;
			buildSettings = {
				CODE_SIGN_STYLE = Automatic;
				CURRENT_PROJECT_VERSION = 1;
				DEVELOPMENT_TEAM = N5VACR3WF8;
				GENERATE_INFOPLIST_FILE = YES;
				IPHONEOS_DEPLOYMENT_TARGET = 26.2;
				MARKETING_VERSION = 1.0;
				PRODUCT_BUNDLE_IDENTIFIER = venkata.FocalUITests;
				PRODUCT_NAME = "$(TARGET_NAME)";
				STRING_CATALOG_GENERATE_SYMBOLS = NO;
				SWIFT_APPROACHABLE_CONCURRENCY = YES;
				SWIFT_EMIT_LOC_STRINGS = NO;
				SWIFT_UPCOMING_FEATURE_MEMBER_IMPORT_VISIBILITY = YES;
				SWIFT_VERSION = 5.0;
				TARGETED_DEVICE_FAMILY = "1,2";
				TEST_TARGET_NAME = Focal;
			};
			name = Debug;
		};
		82B249F12F144B6500EE5FD8 /* Release */ = {
			isa = XCBuildConfiguration;
			buildSettings = {
				CODE_SIGN_STYLE = Automatic;
				CURRENT_PROJECT_VERSION = 1;
				DEVELOPMENT_TEAM = N5VACR3WF8;
				GENERATE_INFOPLIST_FILE = YES;
				IPHONEOS_DEPLOYMENT_TARGET = 26.2;
				MARKETING_VERSION = 1.0;
				PRODUCT_BUNDLE_IDENTIFIER = venkata.FocalUITests;
				PRODUCT_NAME = "$(TARGET_NAME)";
				STRING_CATALOG_GENERATE_SYMBOLS = NO;
				SWIFT_APPROACHABLE_CONCURRENCY = YES;
				SWIFT_EMIT_LOC_STRINGS = NO;
				SWIFT_UPCOMING_FEATURE_MEMBER_IMPORT_VISIBILITY = YES;
				SWIFT_VERSION = 5.0;
				TARGETED_DEVICE_FAMILY = "1,2";
				TEST_TARGET_NAME = Focal;
			};
			name = Release;
		};
		A90000001000000000000001 /* Debug */ = {
			isa = XCBuildConfiguration;
			buildSettings = {
				ALWAYS_SEARCH_USER_PATHS = NO;
				ASSETCATALOG_COMPILER_GENERATE_SWIFT_ASSET_SYMBOL_EXTENSIONS = YES;
				CLANG_ANALYZER_NONNULL = YES;
				CLANG_ANALYZER_NUMBER_OBJECT_CONVERSION = YES_AGGRESSIVE;
				CLANG_CXX_LANGUAGE_STANDARD = "gnu++20";
				CLANG_ENABLE_MODULES = YES;
				CLANG_ENABLE_OBJC_ARC = YES;
				CLANG_ENABLE_OBJC_WEAK = YES;
				CLANG_WARN_BLOCK_CAPTURE_AUTORELEASING = YES;
				CLANG_WARN_BOOL_CONVERSION = YES;
				CLANG_WARN_COMMA = YES;
				CLANG_WARN_CONSTANT_CONVERSION = YES;
				CLANG_WARN_DEPRECATED_OBJC_IMPLEMENTATIONS = YES;
				CLANG_WARN_DIRECT_OBJC_ISA_USAGE = YES_ERROR;
				CLANG_WARN_DOCUMENTATION_COMMENTS = YES;
				CLANG_WARN_EMPTY_BODY = YES;
				CLANG_WARN_ENUM_CONVERSION = YES;
				CLANG_WARN_INFINITE_RECURSION = YES;
				CLANG_WARN_INT_CONVERSION = YES;
				CLANG_WARN_NON_LITERAL_NULL_CONVERSION = YES;
				CLANG_WARN_OBJC_IMPLICIT_RETAIN_SELF = YES;
				CLANG_WARN_OBJC_LITERAL_CONVERSION = YES;
				CLANG_WARN_OBJC_ROOT_CLASS = YES_ERROR;
				CLANG_WARN_QUOTED_INCLUDE_IN_FRAMEWORK_HEADER = YES;
				CLANG_WARN_RANGE_LOOP_ANALYSIS = YES;
				CLANG_WARN_STRICT_PROTOTYPES = YES;
				CLANG_WARN_SUSPICIOUS_MOVE = YES;
				CLANG_WARN_UNGUARDED_AVAILABILITY = YES_AGGRESSIVE;
				CLANG_WARN_UNREACHABLE_CODE = YES;
				CLANG_WARN__DUPLICATE_METHOD_MATCH = YES;
				COPY_PHASE_STRIP = NO;
				DEBUG_INFORMATION_FORMAT = dwarf;
				ENABLE_STRICT_OBJC_MSGSEND = YES;
				ENABLE_TESTABILITY = YES;
				ENABLE_USER_SCRIPT_SANDBOXING = YES;
				GCC_C_LANGUAGE_STANDARD = gnu17;
				GCC_DYNAMIC_NO_PIC = NO;
				GCC_NO_COMMON_BLOCKS = YES;
				GCC_OPTIMIZATION_LEVEL = 0;
				GCC_PREPROCESSOR_DEFINITIONS = (
					"DEBUG=1",
					"$(inherited)",
				);
				GCC_WARN_64_TO_32_BIT_CONVERSION = YES;
				GCC_WARN_ABOUT_RETURN_TYPE = YES_ERROR;
				GCC_WARN_UNDECLARED_SELECTOR = YES;
				GCC_WARN_UNINITIALIZED_AUTOS = YES_AGGRESSIVE;
				GCC_WARN_UNUSED_FUNCTION = YES;
				GCC_WARN_UNUSED_VARIABLE = YES;
				IPHONEOS_DEPLOYMENT_TARGET = 17.0;
				LOCALIZATION_PREFERS_STRING_CATALOGS = YES;
				MTL_ENABLE_DEBUG_INFO = INCLUDE_SOURCE;
				MTL_FAST_MATH = YES;
				ONLY_ACTIVE_ARCH = YES;
				SDKROOT = iphoneos;
				SWIFT_ACTIVE_COMPILATION_CONDITIONS = "DEBUG $(inherited)";
				SWIFT_OPTIMIZATION_LEVEL = "-Onone";
			};
			name = Debug;
		};
		A90000001000000000000002 /* Release */ = {
			isa = XCBuildConfiguration;
			buildSettings = {
				ALWAYS_SEARCH_USER_PATHS = NO;
				ASSETCATALOG_COMPILER_GENERATE_SWIFT_ASSET_SYMBOL_EXTENSIONS = YES;
				CLANG_ANALYZER_NONNULL = YES;
				CLANG_ANALYZER_NUMBER_OBJECT_CONVERSION = YES_AGGRESSIVE;
				CLANG_CXX_LANGUAGE_STANDARD = "gnu++20";
				CLANG_ENABLE_MODULES = YES;
				CLANG_ENABLE_OBJC_ARC = YES;
				CLANG_ENABLE_OBJC_WEAK = YES;
				CLANG_WARN_BLOCK_CAPTURE_AUTORELEASING = YES;
				CLANG_WARN_BOOL_CONVERSION = YES;
				CLANG_WARN_COMMA = YES;
				CLANG_WARN_CONSTANT_CONVERSION = YES;
				CLANG_WARN_DEPRECATED_OBJC_IMPLEMENTATIONS = YES;
				CLANG_WARN_DIRECT_OBJC_ISA_USAGE = YES_ERROR;
				CLANG_WARN_DOCUMENTATION_COMMENTS = YES;
				CLANG_WARN_EMPTY_BODY = YES;
				CLANG_WARN_ENUM_CONVERSION = YES;
				CLANG_WARN_INFINITE_RECURSION = YES;
				CLANG_WARN_INT_CONVERSION = YES;
				CLANG_WARN_NON_LITERAL_NULL_CONVERSION = YES;
				CLANG_WARN_OBJC_IMPLICIT_RETAIN_SELF = YES;
				CLANG_WARN_OBJC_LITERAL_CONVERSION = YES;
				CLANG_WARN_OBJC_ROOT_CLASS = YES_ERROR;
				CLANG_WARN_QUOTED_INCLUDE_IN_FRAMEWORK_HEADER = YES;
				CLANG_WARN_RANGE_LOOP_ANALYSIS = YES;
				CLANG_WARN_STRICT_PROTOTYPES = YES;
				CLANG_WARN_SUSPICIOUS_MOVE = YES;
				CLANG_WARN_UNGUARDED_AVAILABILITY = YES_AGGRESSIVE;
				CLANG_WARN_UNREACHABLE_CODE = YES;
				CLANG_WARN__DUPLICATE_METHOD_MATCH = YES;
				COPY_PHASE_STRIP = NO;
				DEBUG_INFORMATION_FORMAT = "dwarf-with-dsym";
				ENABLE_NS_ASSERTIONS = NO;
				ENABLE_STRICT_OBJC_MSGSEND = YES;
				ENABLE_USER_SCRIPT_SANDBOXING = YES;
				GCC_C_LANGUAGE_STANDARD = gnu17;
				GCC_NO_COMMON_BLOCKS = YES;
				GCC_WARN_64_TO_32_BIT_CONVERSION = YES;
				GCC_WARN_ABOUT_RETURN_TYPE = YES_ERROR;
				GCC_WARN_UNDECLARED_SELECTOR = YES;
				GCC_WARN_UNINITIALIZED_AUTOS = YES_AGGRESSIVE;
				GCC_WARN_UNUSED_FUNCTION = YES;
				GCC_WARN_UNUSED_VARIABLE = YES;
				IPHONEOS_DEPLOYMENT_TARGET = 17.0;
				LOCALIZATION_PREFERS_STRING_CATALOGS = YES;
				MTL_ENABLE_DEBUG_INFO = NO;
				MTL_FAST_MATH = YES;
				SDKROOT = iphoneos;
				SWIFT_COMPILATION_MODE = wholemodule;
				VALIDATE_PRODUCT = YES;
			};
			name = Release;
		};
		A90000001000000000000003 /* Debug */ = {
			isa = XCBuildConfiguration;
			buildSettings = {
				ASSETCATALOG_COMPILER_APPICON_NAME = AppIcon;
				ASSETCATALOG_COMPILER_GLOBAL_ACCENT_COLOR_NAME = AccentColor;
				CODE_SIGN_STYLE = Automatic;
				CURRENT_PROJECT_VERSION = 1;
				DEVELOPMENT_ASSET_PATHS = "\"Focal/Preview Content\"";
				DEVELOPMENT_TEAM = N5VACR3WF8;
				ENABLE_PREVIEWS = YES;
				GENERATE_INFOPLIST_FILE = YES;
				INFOPLIST_KEY_CFBundleDisplayName = Focal;
				INFOPLIST_KEY_UIApplicationSceneManifest_Generation = YES;
				INFOPLIST_KEY_UIApplicationSupportsIndirectInputEvents = YES;
				INFOPLIST_KEY_UILaunchScreen_Generation = YES;
				INFOPLIST_KEY_UISupportedInterfaceOrientations_iPad = "UIInterfaceOrientationPortrait UIInterfaceOrientationPortraitUpsideDown UIInterfaceOrientationLandscapeLeft UIInterfaceOrientationLandscapeRight";
				INFOPLIST_KEY_UISupportedInterfaceOrientations_iPhone = "UIInterfaceOrientationPortrait UIInterfaceOrientationLandscapeLeft UIInterfaceOrientationLandscapeRight";
				LD_RUNPATH_SEARCH_PATHS = (
					"$(inherited)",
					"@executable_path/Frameworks",
				);
				MARKETING_VERSION = 1.0;
				PRODUCT_BUNDLE_IDENTIFIER = com.venkat.focal.app;
				PRODUCT_NAME = "$(TARGET_NAME)";
				SWIFT_EMIT_LOC_STRINGS = YES;
				SWIFT_VERSION = 5.0;
				TARGETED_DEVICE_FAMILY = "1,2";
			};
			name = Debug;
		};
		A90000001000000000000004 /* Release */ = {
			isa = XCBuildConfiguration;
			buildSettings = {
				ASSETCATALOG_COMPILER_APPICON_NAME = AppIcon;
				ASSETCATALOG_COMPILER_GLOBAL_ACCENT_COLOR_NAME = AccentColor;
				CODE_SIGN_STYLE = Automatic;
				CURRENT_PROJECT_VERSION = 1;
				DEVELOPMENT_ASSET_PATHS = "\"Focal/Preview Content\"";
				DEVELOPMENT_TEAM = N5VACR3WF8;
				ENABLE_PREVIEWS = YES;
				GENERATE_INFOPLIST_FILE = YES;
				INFOPLIST_KEY_CFBundleDisplayName = Focal;
				INFOPLIST_KEY_UIApplicationSceneManifest_Generation = YES;
				INFOPLIST_KEY_UIApplicationSupportsIndirectInputEvents = YES;
				INFOPLIST_KEY_UILaunchScreen_Generation = YES;
				INFOPLIST_KEY_UISupportedInterfaceOrientations_iPad = "UIInterfaceOrientationPortrait UIInterfaceOrientationPortraitUpsideDown UIInterfaceOrientationLandscapeLeft UIInterfaceOrientationLandscapeRight";
				INFOPLIST_KEY_UISupportedInterfaceOrientations_iPhone = "UIInterfaceOrientationPortrait UIInterfaceOrientationLandscapeLeft UIInterfaceOrientationLandscapeRight";
				LD_RUNPATH_SEARCH_PATHS = (
					"$(inherited)",
					"@executable_path/Frameworks",
				);
				MARKETING_VERSION = 1.0;
				PRODUCT_BUNDLE_IDENTIFIER = com.venkat.focal.app;
				PRODUCT_NAME = "$(TARGET_NAME)";
				SWIFT_EMIT_LOC_STRINGS = YES;
				SWIFT_VERSION = 5.0;
				TARGETED_DEVICE_FAMILY = "1,2";
			};
			name = Release;
		};
/* End XCBuildConfiguration section */

/* Begin XCConfigurationList section */
		82B249F22F144B6500EE5FD8 /* Build configuration list for PBXNativeTarget "FocalUITests" */ = {
			isa = XCConfigurationList;
			buildConfigurations = (
				82B249F02F144B6500EE5FD8 /* Debug */,
				82B249F12F144B6500EE5FD8 /* Release */,
			);
			defaultConfigurationIsVisible = 0;
			defaultConfigurationName = Release;
		};
		A70000001000000000000001 /* Build configuration list for PBXNativeTarget "Focal" */ = {
			isa = XCConfigurationList;
			buildConfigurations = (
				A90000001000000000000003 /* Debug */,
				A90000001000000000000004 /* Release */,
			);
			defaultConfigurationIsVisible = 0;
			defaultConfigurationName = Release;
		};
		A70000001000000000000002 /* Build configuration list for PBXProject "Focal" */ = {
			isa = XCConfigurationList;
			buildConfigurations = (
				A90000001000000000000001 /* Debug */,
				A90000001000000000000002 /* Release */,
			);
			defaultConfigurationIsVisible = 0;
			defaultConfigurationName = Release;
		};
/* End XCConfigurationList section */
	};
	rootObject = A80000001000000000000001 /* Project object */;
}
